
Microsoft Visual Studio Solution File, Format Version 12.00
# Visual Studio Version 17
VisualStudioVersion = 17.3.32811.315
MinimumVisualStudioVersion = 10.0.40219.1
Project("{2150E333-8FDC-42A3-9474-1A3956D46DE8}") = "SolutionItems", "SolutionItems", "{A3425A11-47AE-4CB8-81CB-5DC23B0A7CB5}"
	ProjectSection(SolutionItems) = preProject
		.dockerignore = .dockerignore
		.editorconfig = .editorconfig
		.gitignore = .gitignore
		docker-compose.yml = docker-compose.yml
		README.md = README.md
	EndProjectSection
EndProject
Project("{2150E333-8FDC-42A3-9474-1A3956D46DE8}") = "Services", "Services", "{EAEDCA81-2F76-49C7-B350-427A7BC1DC02}"
EndProject
Project("{9A19103F-16F7-4668-BE54-9A1E7A4F7556}") = "GreenTechManager.Core", "src\GreenTechManager.Core\GreenTechManager.Core.csproj", "{81B0BC3D-D193-4670-BE06-912D7B9989C0}"
EndProject
Project("{9A19103F-16F7-4668-BE54-9A1E7A4F7556}") = "GreenTechManager.Identity", "src\GreenTechManager.Identity\GreenTechManager.Identity.csproj", "{4F6EB128-FF81-4ABE-A4A4-35F0C40180C4}"
EndProject
Project("{9A19103F-16F7-4668-BE54-9A1E7A4F7556}") = "GreenTechManager.Operators", "src\GreenTechManager.Operators\GreenTechManager.Operators.csproj", "{ACC72E24-297B-43FD-9924-7A052B346C55}"
EndProject
Project("{9A19103F-16F7-4668-BE54-9A1E7A4F7556}") = "GreenTechManager.SolarParks", "src\GreenTechManager.SolarParks\GreenTechManager.SolarParks.csproj", "{8B3DCBAB-6988-4B85-8B73-A89BEFBE4102}"
EndProject
Project("{9A19103F-16F7-4668-BE54-9A1E7A4F7556}") = "GreenTechManager.WindParks", "src\GreenTechManager.WindParks\GreenTechManager.WindParks.csproj", "{BC246D03-A801-4871-8C01-36EA5BC6B323}"
EndProject
Project("{9A19103F-16F7-4668-BE54-9A1E7A4F7556}") = "GreenTechManager.ApiGateway", "src\GreenTechManager.ApiGateway\GreenTechManager.ApiGateway.csproj", "{D38FB46F-B053-492D-92F7-6C274D013D0A}"
EndProject
Project("{2150E333-8FDC-42A3-9474-1A3956D46DE8}") = "Tests", "Tests", "{C8CC66B0-A48B-4272-BC1D-109026FA94C5}"
EndProject
Project("{9A19103F-16F7-4668-BE54-9A1E7A4F7556}") = "GreenTechManagaer.Operators.Tests", "src\GreenTechManagaer.Operators.Tests\GreenTechManagaer.Operators.Tests.csproj", "{BC026A91-1F39-4DB1-BDBA-DD2F79155F10}"
EndProject
Global
	GlobalSection(SolutionConfigurationPlatforms) = preSolution
		Debug|Any CPU = Debug|Any CPU
		Release|Any CPU = Release|Any CPU
	EndGlobalSection
	GlobalSection(ProjectConfigurationPlatforms) = postSolution
		{81B0BC3D-D193-4670-BE06-912D7B9989C0}.Debug|Any CPU.ActiveCfg = Debug|Any CPU
		{81B0BC3D-D193-4670-BE06-912D7B9989C0}.Debug|Any CPU.Build.0 = Debug|Any CPU
		{81B0BC3D-D193-4670-BE06-912D7B9989C0}.Release|Any CPU.ActiveCfg = Release|Any CPU
		{81B0BC3D-D193-4670-BE06-912D7B9989C0}.Release|Any CPU.Build.0 = Release|Any CPU
		{4F6EB128-FF81-4ABE-A4A4-35F0C40180C4}.Debug|Any CPU.ActiveCfg = Debug|Any CPU
		{4F6EB128-FF81-4ABE-A4A4-35F0C40180C4}.Debug|Any CPU.Build.0 = Debug|Any CPU
		{4F6EB128-FF81-4ABE-A4A4-35F0C40180C4}.Release|Any CPU.ActiveCfg = Release|Any CPU
		{4F6EB128-FF81-4ABE-A4A4-35F0C40180C4}.Release|Any CPU.Build.0 = Release|Any CPU
		{ACC72E24-297B-43FD-9924-7A052B346C55}.Debug|Any CPU.ActiveCfg = Debug|Any CPU
		{ACC72E24-297B-43FD-9924-7A052B346C55}.Debug|Any CPU.Build.0 = Debug|Any CPU
		{ACC72E24-297B-43FD-9924-7A052B346C55}.Release|Any CPU.ActiveCfg = Release|Any CPU
		{ACC72E24-297B-43FD-9924-7A052B346C55}.Release|Any CPU.Build.0 = Release|Any CPU
		{8B3DCBAB-6988-4B85-8B73-A89BEFBE4102}.Debug|Any CPU.ActiveCfg = Debug|Any CPU
		{8B3DCBAB-6988-4B85-8B73-A89BEFBE4102}.Debug|Any CPU.Build.0 = Debug|Any CPU
		{8B3DCBAB-6988-4B85-8B73-A89BEFBE4102}.Release|Any CPU.ActiveCfg = Release|Any CPU
		{8B3DCBAB-6988-4B85-8B73-A89BEFBE4102}.Release|Any CPU.Build.0 = Release|Any CPU
		{BC246D03-A801-4871-8C01-36EA5BC6B323}.Debug|Any CPU.ActiveCfg = Debug|Any CPU
		{BC246D03-A801-4871-8C01-36EA5BC6B323}.Debug|Any CPU.Build.0 = Debug|Any CPU
		{BC246D03-A801-4871-8C01-36EA5BC6B323}.Release|Any CPU.ActiveCfg = Release|Any CPU
		{BC246D03-A801-4871-8C01-36EA5BC6B323}.Release|Any CPU.Build.0 = Release|Any CPU
		{D38FB46F-B053-492D-92F7-6C274D013D0A}.Debug|Any CPU.ActiveCfg = Debug|Any CPU
		{D38FB46F-B053-492D-92F7-6C274D013D0A}.Debug|Any CPU.Build.0 = Debug|Any CPU
		{D38FB46F-B053-492D-92F7-6C274D013D0A}.Release|Any CPU.ActiveCfg = Release|Any CPU
		{D38FB46F-B053-492D-92F7-6C274D013D0A}.Release|Any CPU.Build.0 = Release|Any CPU
		{BC026A91-1F39-4DB1-BDBA-DD2F79155F10}.Debug|Any CPU.ActiveCfg = Debug|Any CPU
		{BC026A91-1F39-4DB1-BDBA-DD2F79155F10}.Debug|Any CPU.Build.0 = Debug|Any CPU
		{BC026A91-1F39-4DB1-BDBA-DD2F79155F10}.Release|Any CPU.ActiveCfg = Release|Any CPU
		{BC026A91-1F39-4DB1-BDBA-DD2F79155F10}.Release|Any CPU.Build.0 = Release|Any CPU
	EndGlobalSection
	GlobalSection(SolutionProperties) = preSolution
		HideSolutionNode = FALSE
	EndGlobalSection
	GlobalSection(NestedProjects) = preSolution
		{81B0BC3D-D193-4670-BE06-912D7B9989C0} = {EAEDCA81-2F76-49C7-B350-427A7BC1DC02}
		{4F6EB128-FF81-4ABE-A4A4-35F0C40180C4} = {EAEDCA81-2F76-49C7-B350-427A7BC1DC02}
		{ACC72E24-297B-43FD-9924-7A052B346C55} = {EAEDCA81-2F76-49C7-B350-427A7BC1DC02}
		{8B3DCBAB-6988-4B85-8B73-A89BEFBE4102} = {EAEDCA81-2F76-49C7-B350-427A7BC1DC02}
		{BC246D03-A801-4871-8C01-36EA5BC6B323} = {EAEDCA81-2F76-49C7-B350-427A7BC1DC02}
		{D38FB46F-B053-492D-92F7-6C274D013D0A} = {EAEDCA81-2F76-49C7-B350-427A7BC1DC02}
		{BC026A91-1F39-4DB1-BDBA-DD2F79155F10} = {C8CC66B0-A48B-4272-BC1D-109026FA94C5}
	EndGlobalSection
	GlobalSection(ExtensibilityGlobals) = postSolution
		SolutionGuid = {55CECDD2-A8FA-4DEF-9594-B6696633BD3B}
	EndGlobalSection
EndGlobal
